
Microsoft Visual Studio Solution File, Format Version 12.00
# Visual Studio Version 17
VisualStudioVersion = 17.5.33502.453
MinimumVisualStudioVersion = 10.0.40219.1
Project("{FAE04EC0-301F-11D3-BF4B-00C04F79EFBC}") = "Project5.Admin", "Project5\src\Project5.Admin\Project5.Admin.csproj", "{D0F632CC-78CA-4870-ACBA-A97E0A0C5B9A}"
EndProject
Project("{FAE04EC0-301F-11D3-BF4B-00C04F79EFBC}") = "Project5.STS.Identity", "Project5\src\Project5.STS.Identity\Project5.STS.Identity.csproj", "{81A1941E-EFFE-4AC7-A059-6BEAE027FED7}"
EndProject
Project("{FAE04EC0-301F-11D3-BF4B-00C04F79EFBC}") = "Project5.Admin.Api", "Project5\src\Project5.Admin.Api\Project5.Admin.Api.csproj", "{B88BD5B0-1E47-400C-8DB1-D540E9CF14C2}"
EndProject
Project("{FAE04EC0-301F-11D3-BF4B-00C04F79EFBC}") = "Project5.Admin.EntityFramework.Shared", "Project5\src\Project5.Admin.EntityFramework.Shared\Project5.Admin.EntityFramework.Shared.csproj", "{0E151E16-0FF0-408A-AFAE-277AF02CFFA0}"
EndProject
Project("{FAE04EC0-301F-11D3-BF4B-00C04F79EFBC}") = "Project5.Admin.EntityFramework.MySql", "Project5\src\Project5.Admin.EntityFramework.MySql\Project5.Admin.EntityFramework.MySql.csproj", "{42E1B5DB-A4CF-4FB1-8798-4F0D5281F974}"
EndProject
Project("{FAE04EC0-301F-11D3-BF4B-00C04F79EFBC}") = "Project5.Admin.EntityFramework.PostgreSQL", "Project5\src\Project5.Admin.EntityFramework.PostgreSQL\Project5.Admin.EntityFramework.PostgreSQL.csproj", "{DAF264CB-D65F-4702-80A7-E7FAA94171CD}"
EndProject
Project("{FAE04EC0-301F-11D3-BF4B-00C04F79EFBC}") = "Project5.Admin.EntityFramework.SqlServer", "Project5\src\Project5.Admin.EntityFramework.SqlServer\Project5.Admin.EntityFramework.SqlServer.csproj", "{5FC0FC3B-0CE4-4FFF-B439-1BCD54EEB86B}"
EndProject
Project("{FAE04EC0-301F-11D3-BF4B-00C04F79EFBC}") = "Project5.Shared", "Project5\src\Project5.Shared\Project5.Shared.csproj", "{192A7EFA-3B42-4591-B454-B11957BDD458}"
EndProject
Global
	GlobalSection(SolutionConfigurationPlatforms) = preSolution
		Debug|Any CPU = Debug|Any CPU
		Release|Any CPU = Release|Any CPU
	EndGlobalSection
	GlobalSection(ProjectConfigurationPlatforms) = postSolution
		{D0F632CC-78CA-4870-ACBA-A97E0A0C5B9A}.Debug|Any CPU.ActiveCfg = Debug|Any CPU
		{D0F632CC-78CA-4870-ACBA-A97E0A0C5B9A}.Debug|Any CPU.Build.0 = Debug|Any CPU
		{D0F632CC-78CA-4870-ACBA-A97E0A0C5B9A}.Release|Any CPU.ActiveCfg = Release|Any CPU
		{D0F632CC-78CA-4870-ACBA-A97E0A0C5B9A}.Release|Any CPU.Build.0 = Release|Any CPU
		{81A1941E-EFFE-4AC7-A059-6BEAE027FED7}.Debug|Any CPU.ActiveCfg = Debug|Any CPU
		{81A1941E-EFFE-4AC7-A059-6BEAE027FED7}.Debug|Any CPU.Build.0 = Debug|Any CPU
		{81A1941E-EFFE-4AC7-A059-6BEAE027FED7}.Release|Any CPU.ActiveCfg = Release|Any CPU
		{81A1941E-EFFE-4AC7-A059-6BEAE027FED7}.Release|Any CPU.Build.0 = Release|Any CPU
		{B88BD5B0-1E47-400C-8DB1-D540E9CF14C2}.Debug|Any CPU.ActiveCfg = Debug|Any CPU
		{B88BD5B0-1E47-400C-8DB1-D540E9CF14C2}.Debug|Any CPU.Build.0 = Debug|Any CPU
		{B88BD5B0-1E47-400C-8DB1-D540E9CF14C2}.Release|Any CPU.ActiveCfg = Release|Any CPU
		{B88BD5B0-1E47-400C-8DB1-D540E9CF14C2}.Release|Any CPU.Build.0 = Release|Any CPU
		{0E151E16-0FF0-408A-AFAE-277AF02CFFA0}.Debug|Any CPU.ActiveCfg = Debug|Any CPU
		{0E151E16-0FF0-408A-AFAE-277AF02CFFA0}.Debug|Any CPU.Build.0 = Debug|Any CPU
		{0E151E16-0FF0-408A-AFAE-277AF02CFFA0}.Release|Any CPU.ActiveCfg = Release|Any CPU
		{0E151E16-0FF0-408A-AFAE-277AF02CFFA0}.Release|Any CPU.Build.0 = Release|Any CPU
		{42E1B5DB-A4CF-4FB1-8798-4F0D5281F974}.Debug|Any CPU.ActiveCfg = Debug|Any CPU
		{42E1B5DB-A4CF-4FB1-8798-4F0D5281F974}.Debug|Any CPU.Build.0 = Debug|Any CPU
		{42E1B5DB-A4CF-4FB1-8798-4F0D5281F974}.Release|Any CPU.ActiveCfg = Release|Any CPU
		{42E1B5DB-A4CF-4FB1-8798-4F0D5281F974}.Release|Any CPU.Build.0 = Release|Any CPU
		{DAF264CB-D65F-4702-80A7-E7FAA94171CD}.Debug|Any CPU.ActiveCfg = Debug|Any CPU
		{DAF264CB-D65F-4702-80A7-E7FAA94171CD}.Debug|Any CPU.Build.0 = Debug|Any CPU
		{DAF264CB-D65F-4702-80A7-E7FAA94171CD}.Release|Any CPU.ActiveCfg = Release|Any CPU
		{DAF264CB-D65F-4702-80A7-E7FAA94171CD}.Release|Any CPU.Build.0 = Release|Any CPU
		{5FC0FC3B-0CE4-4FFF-B439-1BCD54EEB86B}.Debug|Any CPU.ActiveCfg = Debug|Any CPU
		{5FC0FC3B-0CE4-4FFF-B439-1BCD54EEB86B}.Debug|Any CPU.Build.0 = Debug|Any CPU
		{5FC0FC3B-0CE4-4FFF-B439-1BCD54EEB86B}.Release|Any CPU.ActiveCfg = Release|Any CPU
		{5FC0FC3B-0CE4-4FFF-B439-1BCD54EEB86B}.Release|Any CPU.Build.0 = Release|Any CPU
		{192A7EFA-3B42-4591-B454-B11957BDD458}.Debug|Any CPU.ActiveCfg = Debug|Any CPU
		{192A7EFA-3B42-4591-B454-B11957BDD458}.Debug|Any CPU.Build.0 = Debug|Any CPU
		{192A7EFA-3B42-4591-B454-B11957BDD458}.Release|Any CPU.ActiveCfg = Release|Any CPU
		{192A7EFA-3B42-4591-B454-B11957BDD458}.Release|Any CPU.Build.0 = Release|Any CPU
	EndGlobalSection
	GlobalSection(SolutionProperties) = preSolution
		HideSolutionNode = FALSE
	EndGlobalSection
	GlobalSection(ExtensibilityGlobals) = postSolution
		SolutionGuid = {AF38DC82-EEC8-4A79-BF03-1949DC972790}
	EndGlobalSection
EndGlobal
